{
    "_meta": {
        "hash": {
            "sha256": "e38583f93720c2f1dc3c555c78926898bf7e1dc125c802b1996c5de72ad7243a"
        },
        "host-environment-markers": {
            "implementation_name": "cpython",
            "implementation_version": "3.6.3",
            "os_name": "posix",
            "platform_machine": "x86_64",
            "platform_python_implementation": "CPython",
            "platform_release": "3.19.0-78-generic",
            "platform_system": "Linux",
            "platform_version": "#86~14.04.1-Ubuntu SMP Tue Dec 6 17:58:35 UTC 2016",
            "python_full_version": "3.6.3",
            "python_version": "3.6",
            "sys_platform": "linux"
        },
        "pipfile-spec": 6,
        "requires": {
            "python_version": "3.6"
        },
        "sources": [
            {
                "name": "pypi",
                "url": "https://pypi.python.org/simple",
                "verify_ssl": true
            }
        ]
    },
    "default": {
        "cycler": {
            "hashes": [
                "sha256:1d8a5ae1ff6c5cf9b93e8811e581232ad8920aeec647c37316ceac982b08cb2d",
                "sha256:cd7b2d1018258d7247a71425e9f26463dfb444d411c39569972f4ce586b0c9d8"
            ],
            "version": "==0.10.0"
        },
        "cython": {
            "hashes": [
                "sha256:b72db7201a4aa0445f27af9954d48ed7d2c119ce3b8b253e4dcd514fc72e5dc6",
                "sha256:b50a8de6f2820286129fe7d71d76c9e0c0f53a8c83cf39bbe6375b827994e4f1",
                "sha256:f5774bef92d33a62a584f6e7552a9a8653241ecc036e259bfb03d33091599537",
                "sha256:a3f5022d818b6c91a8bbc466211e6fd708f234909cbb10bc4dbccb2a04884ef6",
                "sha256:e16d6f06f4d2161347e51c4bc1f7a8feedeee444d26efa92243f18441a6fa742",
                "sha256:3d38967ef9c1c0ffabe80827f56817609153e2da83e3dce84476d0928c72972c",
                "sha256:6990b9965f31762ac71340869c064f39fb6776beca396d0558d3b5b1ebb7f027",
                "sha256:222c65c7022ff52faf3ac6c706e4e8a726ddaa29dabf2173b2a0fdfc1a2f1586",
                "sha256:87c82803f9c51c275b16c729aade952ca93c74a8aec963b9b8871df9bbb3120a",
                "sha256:a0b28235c28a088e052f90a0b5fefaa503e5378046a29d0af045e2ec9d5d6555",
                "sha256:31bad130b701587ab7e74c3c304bb3d63d9f0d365e3f81880203e8e476d914b1",
                "sha256:3895014b1a653726a9da5aca852d9e6d0e2c2667bf315d6a2cd632bf7463130b",
                "sha256:0fbe9514ffe35aad337db27b11f7ee1bf27d01059b2e27f112315b185d69de79",
                "sha256:0202f753b0a69dd87095b698df00010daf452ab61279747248a042a24892a2a9",
                "sha256:d3444e10ccb5b16e4c1bed3cb3c565ec676b20a21eb43430e70ec4168c631dcc",
                "sha256:8fd32974024052b2260d08b94f970c4c1d92c327ed3570a2b4708070fa53a879",
                "sha256:5f66f7f76fc870500fe6db0c02d5fc4187062d29e582431f5a986881c5aef4e3",
                "sha256:6572d74990b16480608441b941c1cefd60bf742416bc3668cf311980f740768d",
                "sha256:18bb95daa41fd2ff0102844172bc068150bf031186249fc70c6f57fc75c9c0a9",
                "sha256:9a81bba33c7fbdb76e6fe8d15b6e793a1916afd4d2463f07d762c69efaaea466",
                "sha256:aa8d7136cad8b2a7bf3596e1bc053476edeee567271f197449b2d30ea0c37175",
                "sha256:5478efd92291084adc9b679666aeaeaafca69d6bf3e95fe3efce82814e3ab782",
                "sha256:2387c5a2a436669de9157d117fd426dfc2b46ffdc49e43f0a2267380896c04ea",
                "sha256:b528a9c152c569062375d5c2260b59f8243bb4136fc38420854ac1bd4aa0d02f",
                "sha256:a7252ca498f510404185e3c1bdda3224e80b1be1a5fbc2b174aab83a477ea0cb",
                "sha256:5c2a6121e4e1e65690b60c270012218e38201bcf700314b1926d5dbeae78a499",
                "sha256:9c31cb9bfaa1004a2a50115a37e1fcb79d664917968399dae3e04610356afe8c",
                "sha256:18ab7646985a97e02cee72e1ddba2e732d4931d4e1732494ff30c5aa084bfb97"
            ],
            "version": "==0.29.1"
        },
        "kiwisolver": {
            "hashes": [
                "sha256:8b6a7b596ce1d2a6d93c3562f1178ebd3b7bb445b3b0dd33b09f9255e312a965",
                "sha256:1a078f5dd7e99317098f0e0d490257fd0349d79363e8c923d5bb76428f318421",
                "sha256:e0f910f84b35c36a3513b96d816e6442ae138862257ae18a0019d2fc67b041dc",
                "sha256:aaec1cfd94f4f3e9a25e144d5b0ed1eb8a9596ec36d7318a504d813412563a85",
                "sha256:f923406e6b32c86309261b8195e24e18b6a8801df0cfc7814ac44017bfcb3939",
                "sha256:4329008a167fac233e398e8a600d1b91539dc33c5a3eadee84c0d4b04d4494fa",
                "sha256:3b791ddf2aefc56382aadc26ea5b352e86a2921e4e85c31c1f770f527eb06ce4",
                "sha256:379d97783ba8d2934d52221c833407f20ca287b36d949b4bba6c75274bcf6363",
                "sha256:1aa0b55a0eb1bd3fa82e704f44fb8f16e26702af1a073cc5030eea399e617b56",
                "sha256:ea36e19ac0a483eea239320aef0bd40702404ff8c7e42179a2d9d36c5afcb55c",
                "sha256:0f7f532f3c94e99545a29f4c3f05637f4d2713e7fd91b4dd8abfc18340b86cd5",
                "sha256:2874060b91e131ceeff00574b7c2140749c9355817a4ed498e82a4ffa308ecbc",
                "sha256:95a25d9f3449046ecbe9065be8f8380c03c56081bc5d41fe0fb964aaa30b2195",
                "sha256:79e5fe3ccd5144ae80777e12973027bd2f4f5e3ae8eb286cabe787bed9780138",
                "sha256:9576cb63897fbfa69df60f994082c3f4b8e6adb49cccb60efb2a80a208e6f996",
                "sha256:0ee4ed8b3ae8f5f712b0aa9ebd2858b5b232f1b9a96b0943dceb34df2a223bc3",
                "sha256:66f82819ff47fa67a11540da96966fb9245504b7f496034f534b81cacf333861",
                "sha256:b1c240d565e977d80c0083404c01e4d59c5772c977fae2c483f100567f50847b",
                "sha256:53a5b27e6b5717bdc0125338a822605084054c80f382051fb945d2c0e6899a20",
                "sha256:acb673eecbae089ea3be3dcf75bfe45fc8d4dcdc951e27d8691887963cf421c7",
                "sha256:b15bc8d2c2848a4a7c04f76c9b3dc3561e95d4dabc6b4f24bfabe5fd81a0b14f",
                "sha256:45813e0873bbb679334a161b28cb9606d9665e70561fd6caa8863e279b5e464b",
                "sha256:574f24b9805cb1c72d02b9f7749aa0cc0b81aa82571be5201aa1453190390ae5",
                "sha256:efabbcd4f406b532206b8801058c8bab9e79645b9880329253ae3322b7b02cd5",
                "sha256:83410258eb886f3456714eea4d4304db3a1fc8624623fc3f38a487ab36c0f653",
                "sha256:a424f048bebc4476620e77f3e4d1f282920cef9bc376ba16d0b8fe97eec87cde",
                "sha256:c595693de998461bcd49b8d20568c8870b3209b8ea323b2a7b0ea86d85864694",
                "sha256:ce3be5d520b4d2c3e5eeb4cd2ef62b9b9ab8ac6b6fedbaa0e39cdb6f50644278"
            ],
            "version": "==1.0.1"
        },
        "matplotlib": {
            "hashes": [
                "sha256:4269ce3d1b897d46fc3cc2273a0cc2a730345bb47e4456af662e6fca85c89dd7",
                "sha256:1975b71a33ac986bb39b6d5cfbc15c7b1f218f1134efb4eb3881839d6ae69984",
                "sha256:8e1223d868be89423ec95ada5f37aa408ee64fe76ccb8e4d5f533699ba4c0e4a",
                "sha256:65214fd668975077cdf8d408ccf2b2d6bdf73b4e6895a79f8e99ce4f0b43fcdb",
                "sha256:c27fd46cab905097ba4bc28d5ba5289930f313fb1970c9d41092c9975b80e9b4",
                "sha256:74bc213ab8a92d86a0b304d9359d1e1d14168d4c6121b83862c9d8a88b89a738",
                "sha256:88949be0db54755995dfb0210d0099a8712a3c696c860441971354c3debfc4af",
                "sha256:2b222744bd54781e6cc0b717fa35a54e5f176ba2ced337f27c5b435b334ef854",
                "sha256:f4c12a01eb2dc16693887a874ba948b18c92f425c4d329639ece6d3bb8e631bb",
                "sha256:9fa00f2d7a552a95fa6016e498fdeb6d74df537853dda79a9055c53dfc8b6e1a",
                "sha256:16aa61846efddf91df623bbb4598e63be1068a6b6a2e6361cc802b41c7a286eb",
                "sha256:317643c0e88fad55414347216362b2e229c130edd5655fea5f8159a803098468",
                "sha256:c94b792af431f6adb6859eb218137acd9a35f4f7442cea57e4a59c54751c36af"
            ],
            "version": "==3.0.2"
        },
        "numpy": {
            "hashes": [
                "sha256:18e84323cdb8de3325e741a7a8dd4a82db74fde363dce32b625324c7b32aa6d7",
                "sha256:154c35f195fd3e1fad2569930ca51907057ae35e03938f89a8aedae91dd1b7c7",
                "sha256:4d8d3e5aa6087490912c14a3c10fbdd380b40b421c13920ff468163bc50e016f",
                "sha256:c857ae5dba375ea26a6228f98c195fec0898a0fd91bcf0e8a0cae6d9faf3eca7",
                "sha256:0df89ca13c25eaa1621a3f09af4c8ba20da849692dcae184cb55e80952c453fb",
                "sha256:36e36b6868e4440760d4b9b44587ea1dc1f06532858d10abba98e851e154ca70",
                "sha256:99d59e0bcadac4aa3280616591fb7bcd560e2218f5e31d5223a2e12a1425d495",
                "sha256:edfa6fba9157e0e3be0f40168eb142511012683ac3dc82420bee4a3f3981b30e",
                "sha256:b261e0cb0d6faa8fd6863af26d30351fd2ffdb15b82e51e81e96b9e9e2e7ba16",
                "sha256:db9814ff0457b46f2e1d494c1efa4111ca089e08c8b983635ebffb9c1573361f",
                "sha256:df04f4bad8a359daa2ff74f8108ea051670cafbca533bb2636c58b16e962989e",
                "sha256:7da99445fd890206bfcc7419f79871ba8e73d9d9e6b82fe09980bc5bb4efc35f",
                "sha256:56994e14b386b5c0a9b875a76d22d707b315fa037affc7819cda08b6d0489756",
                "sha256:ecf81720934a0e18526177e645cbd6a8a21bb0ddc887ff9738de07a1df5c6b61",
                "sha256:cf5bb4a7d53a71bb6a0144d31df784a973b36d8687d615ef6a7e9b1809917a9b",
                "sha256:561ef098c50f91fbac2cc9305b68c915e9eb915a74d9038ecf8af274d748f76f",
                "sha256:4f41fd159fba1245e1958a99d349df49c616b133636e0cf668f169bce2aeac2d",
                "sha256:416a2070acf3a2b5d586f9a6507bb97e33574df5bd7508ea970bbf4fc563fa52",
                "sha256:24fd645a5e5d224aa6e39d93e4a722fafa9160154f296fd5ef9580191c755053",
                "sha256:23557bdbca3ccbde3abaa12a6e82299bc92d2b9139011f8c16ca1bb8c75d1e95",
                "sha256:b1853df739b32fa913cc59ad9137caa9cc3d97ff871e2bbd89c2a2a1d4a69451",
                "sha256:73a1f2a529604c50c262179fcca59c87a05ff4614fe8a15c186934d84d09d9a5",
                "sha256:1e8956c37fc138d65ded2d96ab3949bd49038cc6e8a4494b1515b0ba88c91565",
                "sha256:a4cc09489843c70b22e8373ca3dfa52b3fab778b57cf81462f1203b0852e95e3",
                "sha256:4a22dc3f5221a644dfe4a63bf990052cc674ef12a157b1056969079985c92816",
                "sha256:b1f44c335532c0581b77491b7715a871d0dd72e97487ac0f57337ccf3ab3469b",
                "sha256:a61dc29cfca9831a03442a21d4b5fd77e3067beca4b5f81f1a89a04a71cf93fa",
                "sha256:3d734559db35aa3697dadcea492a423118c5c55d176da2f3be9c98d4803fc2a7"
            ],
            "version": "==1.15.4"
        },
        "opencv-contrib-python": {
            "hashes": [
                "sha256:95c46ffd88422fddb22807ca263a79417316f9b9c2f4eabeb9419d187a47be1c",
                "sha256:55927e00eedf14f3f4e698717cb8d949ae1208d00c3e85340ec64bf00878fbf1",
                "sha256:c95c569e5ee706b88f08c076bbc21005ed39533eaf2056b958c8a20b37cf270a",
                "sha256:7a4e2f5e9fba0c82558a027533198680cc1820742fff6d6bcd59781124e451cf",
                "sha256:42a2c0ef4a32b0ddb675c0b3786ef805aab0555c87d31f31e6ca5c580aebcf11",
                "sha256:0f614c9ae12e4d5a04eb7bdf7bb2c244274b3da72a8c40658d30eccd2aa0694e",
                "sha256:25e09e53cfdf677b02bea5b016d0bb267497bebfb201e0ad0cf70a91f4e1d888",
                "sha256:6840cce5943b6b71a1905b0dd87038c35952a0cec7dd3ca18d29a33e3969423c",
                "sha256:8d96f3638e535429704e4d67b609c75f6f14c47b5b0b3bf76f1b1a9be91cd330",
                "sha256:bd47075b4f6616aaacc36c7717f763c2c5cc4674a036fe9510968c35de7b620f",
                "sha256:60b6bb2df213693bd1a195c26c545571507e0cbad167aed77e65020481869f89",
                "sha256:c555b79825995881f868810db6e4c31b2ce1a368cd0bec57f73e59ff5b83890f",
                "sha256:cce079028c5292bfa0bb4daf287b29ee794ff9d62af59f75e84fabab2c4e522d",
                "sha256:5d85e582bc14518462ea8bfc482b577b9e906b2d8a74de351918f77d1d5abc28",
                "sha256:577c2b3b2e71b0c8a3f652151ea0b4b68e082da637395ef31cca3e45bfed0c27",
                "sha256:a467367704a2025640c6c96555b45269093c2eb8663115ede07b187c9b40d83e",
                "sha256:2207381174b282db53da27b7e7f2606c2abc1913b3544138febb4302dda1c44e",
                "sha256:12f06febc1d006b1da169f71e91d760307ac3ef94b5b6d46b37246a74659ec8f",
                "sha256:dc17e773eaa46a7778f433a9e77435e3a9441dda997c2a93862c9a210e5b3e19",
                "sha256:352335ebed6fbb085d3dece31872ef516a14cb17f918d6ddf8646799e375c9b1",
                "sha256:04e80efc7d10371694922fe69a718bb88e4775c6914244d7acc14a43a7371ac7",
                "sha256:e41a40e4ad839b2753f81406b4b765a00e627c2c55ced1fc86e621e49249a63e",
                "sha256:5e9939aec0ba74c73366ec5e3f938390afda28e1eab6856fc62428f898f9e3b2",
                "sha256:547fa598a1f2511f8c47d9bc97037a4a950d981109c4be78a93206acb591af59",
                "sha256:1bafbb04519add1c14a4212510beb4e79d4abedb3dd1e07e414c9bd4541b3ad8",
                "sha256:ae1d235099d67622b5331534166d4d137dd897edc81d077702bc3e59b27e6f56",
                "sha256:09ae3400ad01fd8c9065a53275aede3f328ad540c793336f2e4c10df4678368f"
            ],
            "version": "==3.4.4.19"
        },
        "opencv-python": {
            "hashes": [
                "sha256:72f3c9dc4b0016a6e1135fb1549da8445851cb790e0020a217fe28ad8dad76e0",
                "sha256:33e021aad18f40bfae2efb3431708bb29ddcba7c6a9199297f5832468e6bc772",
                "sha256:518b7b81df7ef0731714ad0363968649c60071b9072cdbc64efc1672d4f574e8",
                "sha256:18bc3a32995215f77740dbe491990ea91772b1afa585431fd6e916e0a5f759b2",
                "sha256:f6952b0ccce36c4f6a25441164e6ff89298c716547ff23c4862b7e91300714a6",
                "sha256:526c9b23b649184f2b0a2c8f8000ecfbe3d7da354ed74c8aec87d6878656361e",
                "sha256:a4de364e46d68f4eb392219a5135d3b8470926fddd264415b3524566bbf50782",
                "sha256:4f83451dc1857c4bfa0096bc5e720530f71e99787e66a315fe6901c0d15331cf",
                "sha256:8d945a9544287949c70bcf23ce8a09724f50adc365f22ff28a77d9427ef74238",
                "sha256:b43e3079a85efbff04ced76445b75dd3ee220b4251ac83cb1750fad9cf445f3d",
                "sha256:9adfc5ad89cb4ea4afa445494138cef79316adf7e45cea467ee1ea09571bd31c",
                "sha256:2ff1900511bbb948418a20d20501eee33eed035fde3c5aad5e305123f1e98fbe",
                "sha256:1baac6bdf28c817e1446ad1cab938d685456053708fb64722b95c0108e126fe1",
                "sha256:e20c771adcd8867aeca7df8605f26bdabbab41895efdac8fe602a3203438b025",
                "sha256:3b59036967f015b6fe381b9e8c3836ac4056045988f83d09e8644a71908ceca9",
                "sha256:4cb787d796fcbff36c40d4bff9d7ee00ec1bb4c059b907aee6ad0d61b4633808",
                "sha256:9f7754a877ec0de3e8dcaf7d99e23b2d3114b057087100424d5772b6e7564abe",
                "sha256:6f36ab695bc43c62a11276b6de4253898afa064a2a13d569bd7939c63b0eed4d",
                "sha256:9d3e53880d9ef9f7838fb2a54fa576466329fbc67d27a4c99aac7971e290ab26",
                "sha256:d48ca719e8ab5c41238da398830cbe3e482cce0dc0f0b9ade033f86d595ecc98",
                "sha256:19a1cbeaef79592c74c5051fa54933dd36bdd4d690df9f69a3da9fa0053bb49a",
                "sha256:2a7d93fcd61294b014f653084295920edf1fb1c36d7a68a287cc2b4a4b2399e1",
                "sha256:26efbd00b17fcdd9eef9ba79ac6f280694b519cfdacbd7965f521f521c83a74f",
                "sha256:7383c413a96e64a301b3906ffddd6bc2105c81966ad52f8aaa2835446ad4ed4f",
                "sha256:80f2feab5e9ba3f0ba3788a7162c7733ba4524e2ac001c20fd63af1cb9626625",
                "sha256:a4e1c9df81c9d13ea7711141d1cee96def112a199ccc76212a8e7a65b7a4e658",
                "sha256:d1df5005261ae44597d9bccf5317fcdccfdc1083525ef24884bb5c066d1ab4ba"
            ],
            "version": "==3.4.4.19"
        },
        "pyparsing": {
            "hashes": [
                "sha256:40856e74d4987de5d01761a22d1621ae1c7f8774585acae358aa5c5936c6c90b",
                "sha256:f353aab21fd474459d97b709e527b5571314ee5f067441dc9f88e33eecd96592"
            ],
            "version": "==2.3.0"
        },
        "python-dateutil": {
            "hashes": [
                "sha256:063df5763652e21de43de7d9e00ccf239f953a832941e37be541614732cdfc93",
                "sha256:88f9287c0174266bb0d8cedd395cfba9c58e87e5ad86b2ce58859bc11be3cf02"
            ],
            "version": "==2.7.5"
        },
        "six": {
            "hashes": [
                "sha256:832dc0e10feb1aa2c68dcc57dbb658f1c7e65b9b61af69048abc87a2db00a0eb",
                "sha256:70e8a77beed4562e7f14fe23a786b54f6296e34344c23bc42f07b15018ff98e9"
            ],
            "version": "==1.11.0"
        }
    },
    "develop": {}
}
